# Pinned images for clone-install (taken from prod server)
REMNAWAVE_BACKEND_IMAGE="remnawave/backend@sha256:72ba44ca6a35ed7e328f551d08eb93a14328e5e6017718d3e326eea8cf19dca2"
REMNAWAVE_POSTGRES_IMAGE="postgres@sha256:00bc86618629af00d2937fdc5a5d63db3ff8450acf52f0636ec813c7f4902929"
REMNAWAVE_REDIS_IMAGE="valkey/valkey@sha256:e706d1213aaba6896c162bb6a3a9e1894e1a435f28f8f856d14fab2e10aa098b"
REMNANODE_IMAGE="remnawave/node@sha256:d686091e004a4d870dbcf1e49fc0dad94d9676cc4d27de652bf733b55b9f974b"
REMNAWAVE_SUBSCRIPTION_IMAGE="remnawave/subscription-page@sha256:04365ce43bdf4f82a2b423696a40619b989d2f4b7af192e6d4a3539ade3e8f56"
